
Microsoft Visual Studio Solution File, Format Version 12.00
# Visual Studio Version 16
VisualStudioVersion = 16.0.29025.244
MinimumVisualStudioVersion = 10.0.40219.1
Project("{FAE04EC0-301F-11D3-BF4B-00C04F79EFBC}") = "CustomJSONData", "CustomJSONData\CustomJSONData.csproj", "{F542A6A4-605E-408F-B30C-DDCC7C35E4D3}"
EndProject
Global
	GlobalSection(SolutionConfigurationPlatforms) = preSolution
		Debug|Any CPU = Debug|Any CPU
		Release|Any CPU = Release|Any CPU
	EndGlobalSection
	GlobalSection(ProjectConfigurationPlatforms) = postSolution
		{F542A6A4-605E-408F-B30C-DDCC7C35E4D3}.Debug|Any CPU.ActiveCfg = Debug|Any CPU
		{F542A6A4-605E-408F-B30C-DDCC7C35E4D3}.Debug|Any CPU.Build.0 = Debug|Any CPU
		{F542A6A4-605E-408F-B30C-DDCC7C35E4D3}.Release|Any CPU.ActiveCfg = Release|Any CPU
		{F542A6A4-605E-408F-B30C-DDCC7C35E4D3}.Release|Any CPU.Build.0 = Release|Any CPU
	EndGlobalSection
	GlobalSection(SolutionProperties) = preSolution
		HideSolutionNode = FALSE
	EndGlobalSection
	GlobalSection(ExtensibilityGlobals) = postSolution
		SolutionGuid = {92B21976-6D69-4E87-BB9C-136770B01563}
	EndGlobalSection
EndGlobal
